
Microsoft Visual Studio Solution File, Format Version 12.00
# Visual Studio Version 17
VisualStudioVersion = 17.9.34607.119
MinimumVisualStudioVersion = 10.0.40219.1
Project("{FAE04EC0-301F-11D3-BF4B-00C04F79EFBC}") = "04_http", "04_http\04_http.csproj", "{34675264-5377-448C-AB40-A962FF0609F8}"
EndProject
Project("{FAE04EC0-301F-11D3-BF4B-00C04F79EFBC}") = "05_http_file_server", "05_http_file_server\05_http_file_server.csproj", "{EFAE4F0D-10CF-49AA-9713-77A97713771E}"
EndProject
Global
	GlobalSection(SolutionConfigurationPlatforms) = preSolution
		Debug|Any CPU = Debug|Any CPU
		Release|Any CPU = Release|Any CPU
	EndGlobalSection
	GlobalSection(ProjectConfigurationPlatforms) = postSolution
		{34675264-5377-448C-AB40-A962FF0609F8}.Debug|Any CPU.ActiveCfg = Debug|Any CPU
		{34675264-5377-448C-AB40-A962FF0609F8}.Debug|Any CPU.Build.0 = Debug|Any CPU
		{34675264-5377-448C-AB40-A962FF0609F8}.Release|Any CPU.ActiveCfg = Release|Any CPU
		{34675264-5377-448C-AB40-A962FF0609F8}.Release|Any CPU.Build.0 = Release|Any CPU
		{EFAE4F0D-10CF-49AA-9713-77A97713771E}.Debug|Any CPU.ActiveCfg = Debug|Any CPU
		{EFAE4F0D-10CF-49AA-9713-77A97713771E}.Debug|Any CPU.Build.0 = Debug|Any CPU
		{EFAE4F0D-10CF-49AA-9713-77A97713771E}.Release|Any CPU.ActiveCfg = Release|Any CPU
		{EFAE4F0D-10CF-49AA-9713-77A97713771E}.Release|Any CPU.Build.0 = Release|Any CPU
	EndGlobalSection
	GlobalSection(SolutionProperties) = preSolution
		HideSolutionNode = FALSE
	EndGlobalSection
	GlobalSection(ExtensibilityGlobals) = postSolution
		SolutionGuid = {DA84BD53-EFC4-4C06-A0C0-96E26F4AB8B5}
	EndGlobalSection
EndGlobal
